
Microsoft Visual Studio Solution File, Format Version 12.00
# Visual Studio 15
VisualStudioVersion = 15.0.28307.421
MinimumVisualStudioVersion = 10.0.40219.1
Project("{FAE04EC0-301F-11D3-BF4B-00C04F79EFBC}") = "ShoppingAPI", "ShoppingAPI\ShoppingAPI.csproj", "{31827C98-7121-4A94-B690-90EC6485817C}"
EndProject
Global
	GlobalSection(SolutionConfigurationPlatforms) = preSolution
		Debug|Any CPU = Debug|Any CPU
		Release|Any CPU = Release|Any CPU
	EndGlobalSection
	GlobalSection(ProjectConfigurationPlatforms) = postSolution
		{31827C98-7121-4A94-B690-90EC6485817C}.Debug|Any CPU.ActiveCfg = Debug|Any CPU
		{31827C98-7121-4A94-B690-90EC6485817C}.Debug|Any CPU.Build.0 = Debug|Any CPU
		{31827C98-7121-4A94-B690-90EC6485817C}.Release|Any CPU.ActiveCfg = Release|Any CPU
		{31827C98-7121-4A94-B690-90EC6485817C}.Release|Any CPU.Build.0 = Release|Any CPU
	EndGlobalSection
	GlobalSection(SolutionProperties) = preSolution
		HideSolutionNode = FALSE
	EndGlobalSection
	GlobalSection(ExtensibilityGlobals) = postSolution
		SolutionGuid = {B4171CE8-23D4-4C23-AC32-C0AA22D7573D}
	EndGlobalSection
EndGlobal
